{
    "version": 3,
    "terraform_version": "0.7.3",
    "serial": 0,
    "lineage": "db575090-bd37-4354-b243-dcde59831de5",
    "modules": [
        {
            "path": [
                "root"
            ],
            "outputs": {
                "inv": {
                    "sensitive": false,
                    "type": "list",
                    "value": [
                        "192.168.246.24",
                        "192.168.246.22"
                    ]
                }
            },
            "resources": {
                "openstack_compute_instance_v2.db.0": {
                    "type": "openstack_compute_instance_v2",
                    "depends_on": [],
                    "primary": {
                        "id": "e4bd87e5-4e3f-471e-a976-3f59b10e6012",
                        "attributes": {
                            "access_ip_v4": "192.168.246.21",
                            "access_ip_v6": "",
                            "flavor_id": "1",
                            "flavor_name": "m1.tiny",
                            "id": "e4bd87e5-4e3f-471e-a976-3f59b10e6012",
                            "image_id": "81b9bdf1-f3a3-4ae0-b631-65522de870b9",
                            "image_name": "RancherOS",
                            "metadata.%": "0",
                            "name": "db01",
                            "network.#": "1",
                            "network.0.access_network": "false",
                            "network.0.fixed_ip_v4": "192.168.246.21",
                            "network.0.fixed_ip_v6": "",
                            "network.0.floating_ip": "",
                            "network.0.mac": "fa:16:3e:13:69:83",
                            "network.0.name": "son-demo-netw",
                            "network.0.port": "",
                            "network.0.uuid": "cffedbd8-e2a5-4cc3-92f9-0ce5259e4d31",
                            "security_groups.#": "1",
                            "security_groups.3814588639": "default",
                            "stop_before_destroy": "false",
                            "user_data": "631552496467596a0d3624fd96a54f1e204c9ab0",
                            "volume.#": "0"
                        },
                        "meta": {},
                        "tainted": false
                    },
                    "deposed": [],
                    "provider": ""
                },
                "openstack_compute_instance_v2.db.1": {
                    "type": "openstack_compute_instance_v2",
                    "depends_on": [],
                    "primary": {
                        "id": "ce933dfc-0da6-448d-a879-7bcf89970042",
                        "attributes": {
                            "access_ip_v4": "192.168.246.23",
                            "access_ip_v6": "",
                            "flavor_id": "1",
                            "flavor_name": "m1.tiny",
                            "id": "ce933dfc-0da6-448d-a879-7bcf89970042",
                            "image_id": "81b9bdf1-f3a3-4ae0-b631-65522de870b9",
                            "image_name": "RancherOS",
                            "metadata.%": "0",
                            "name": "db02",
                            "network.#": "1",
                            "network.0.access_network": "false",
                            "network.0.fixed_ip_v4": "192.168.246.23",
                            "network.0.fixed_ip_v6": "",
                            "network.0.floating_ip": "",
                            "network.0.mac": "fa:16:3e:bf:ca:23",
                            "network.0.name": "son-demo-netw",
                            "network.0.port": "",
                            "network.0.uuid": "cffedbd8-e2a5-4cc3-92f9-0ce5259e4d31",
                            "security_groups.#": "1",
                            "security_groups.3814588639": "default",
                            "stop_before_destroy": "false",
                            "user_data": "631552496467596a0d3624fd96a54f1e204c9ab0",
                            "volume.#": "0"
                        },
                        "meta": {},
                        "tainted": false
                    },
                    "deposed": [],
                    "provider": ""
                },
                "openstack_compute_instance_v2.fe.0": {
                    "type": "openstack_compute_instance_v2",
                    "depends_on": [],
                    "primary": {
                        "id": "c8b49252-3a21-43b3-9a9b-bdca0e22dee8",
                        "attributes": {
                            "access_ip_v4": "192.168.246.24",
                            "access_ip_v6": "",
                            "flavor_id": "1",
                            "flavor_name": "m1.tiny",
                            "id": "c8b49252-3a21-43b3-9a9b-bdca0e22dee8",
                            "image_id": "81b9bdf1-f3a3-4ae0-b631-65522de870b9",
                            "image_name": "RancherOS",
                            "metadata.%": "0",
                            "name": "fe01",
                            "network.#": "1",
                            "network.0.access_network": "false",
                            "network.0.fixed_ip_v4": "192.168.246.24",
                            "network.0.fixed_ip_v6": "",
                            "network.0.floating_ip": "",
                            "network.0.mac": "fa:16:3e:c9:6b:75",
                            "network.0.name": "son-demo-netw",
                            "network.0.port": "",
                            "network.0.uuid": "cffedbd8-e2a5-4cc3-92f9-0ce5259e4d31",
                            "security_groups.#": "1",
                            "security_groups.3814588639": "default",
                            "stop_before_destroy": "false",
                            "user_data": "631552496467596a0d3624fd96a54f1e204c9ab0",
                            "volume.#": "0"
                        },
                        "meta": {},
                        "tainted": false
                    },
                    "deposed": [],
                    "provider": ""
                },
                "openstack_compute_instance_v2.fe.1": {
                    "type": "openstack_compute_instance_v2",
                    "depends_on": [],
                    "primary": {
                        "id": "d88912c3-3878-4f9e-8078-43a67f596955",
                        "attributes": {
                            "access_ip_v4": "192.168.246.22",
                            "access_ip_v6": "",
                            "flavor_id": "1",
                            "flavor_name": "m1.tiny",
                            "id": "d88912c3-3878-4f9e-8078-43a67f596955",
                            "image_id": "81b9bdf1-f3a3-4ae0-b631-65522de870b9",
                            "image_name": "RancherOS",
                            "metadata.%": "0",
                            "name": "fe02",
                            "network.#": "1",
                            "network.0.access_network": "false",
                            "network.0.fixed_ip_v4": "192.168.246.22",
                            "network.0.fixed_ip_v6": "",
                            "network.0.floating_ip": "",
                            "network.0.mac": "fa:16:3e:03:71:80",
                            "network.0.name": "son-demo-netw",
                            "network.0.port": "",
                            "network.0.uuid": "cffedbd8-e2a5-4cc3-92f9-0ce5259e4d31",
                            "security_groups.#": "1",
                            "security_groups.3814588639": "default",
                            "stop_before_destroy": "false",
                            "user_data": "631552496467596a0d3624fd96a54f1e204c9ab0",
                            "volume.#": "0"
                        },
                        "meta": {},
                        "tainted": false
                    },
                    "deposed": [],
                    "provider": ""
                }
            },
            "depends_on": []
        }
    ]
}
